
Microsoft Visual Studio Solution File, Format Version 12.00
# Visual Studio 15
VisualStudioVersion = 15.0.26730.12
MinimumVisualStudioVersion = 10.0.40219.1
Project("{2150E333-8FDC-42A3-9474-1A3956D46DE8}") = "DotNetCoreTutorials", "DotNetCoreTutorials", "{DCA47E65-2945-4C90-96A7-92A1A64DEF7D}"
EndProject
Project("{9A19103F-16F7-4668-BE54-9A1E7A4F7556}") = "DotNetCoreConsoleApp", "DotNetCoreTutorials\DotNetCoreConsoleApp\DotNetCoreConsoleApp.csproj", "{09C621A1-0505-46F0-823D-C7A19B560F49}"
EndProject
Project("{2150E333-8FDC-42A3-9474-1A3956D46DE8}") = "DotNetBasicTutorials", "DotNetBasicTutorials", "{C4034306-C1A9-45B4-8F11-BAB742FE88FA}"
EndProject
Project("{FAE04EC0-301F-11D3-BF4B-00C04F79EFBC}") = "DotNetBasicConsoleApp", "DotNetBasicTutorials\DotNetBasicConsoleApp\DotNetBasicConsoleApp.csproj", "{6952AF56-51A8-4AEA-8E4B-38A16EBCF22C}"
EndProject
Project("{FAE04EC0-301F-11D3-BF4B-00C04F79EFBC}") = "DotNetBasicWindowsFormsApp", "DotNetBasicTutorials\DotNetBasicWindowsFormsApp\DotNetBasicWindowsFormsApp.csproj", "{3BDC644B-FBF5-4894-B920-D9EC86578C81}"
EndProject
Global
	GlobalSection(SolutionConfigurationPlatforms) = preSolution
		Debug|Any CPU = Debug|Any CPU
		Release|Any CPU = Release|Any CPU
	EndGlobalSection
	GlobalSection(ProjectConfigurationPlatforms) = postSolution
		{09C621A1-0505-46F0-823D-C7A19B560F49}.Debug|Any CPU.ActiveCfg = Debug|Any CPU
		{09C621A1-0505-46F0-823D-C7A19B560F49}.Debug|Any CPU.Build.0 = Debug|Any CPU
		{09C621A1-0505-46F0-823D-C7A19B560F49}.Release|Any CPU.ActiveCfg = Release|Any CPU
		{09C621A1-0505-46F0-823D-C7A19B560F49}.Release|Any CPU.Build.0 = Release|Any CPU
		{6952AF56-51A8-4AEA-8E4B-38A16EBCF22C}.Debug|Any CPU.ActiveCfg = Debug|Any CPU
		{6952AF56-51A8-4AEA-8E4B-38A16EBCF22C}.Debug|Any CPU.Build.0 = Debug|Any CPU
		{6952AF56-51A8-4AEA-8E4B-38A16EBCF22C}.Release|Any CPU.ActiveCfg = Release|Any CPU
		{6952AF56-51A8-4AEA-8E4B-38A16EBCF22C}.Release|Any CPU.Build.0 = Release|Any CPU
		{3BDC644B-FBF5-4894-B920-D9EC86578C81}.Debug|Any CPU.ActiveCfg = Debug|Any CPU
		{3BDC644B-FBF5-4894-B920-D9EC86578C81}.Debug|Any CPU.Build.0 = Debug|Any CPU
		{3BDC644B-FBF5-4894-B920-D9EC86578C81}.Release|Any CPU.ActiveCfg = Release|Any CPU
		{3BDC644B-FBF5-4894-B920-D9EC86578C81}.Release|Any CPU.Build.0 = Release|Any CPU
	EndGlobalSection
	GlobalSection(SolutionProperties) = preSolution
		HideSolutionNode = FALSE
	EndGlobalSection
	GlobalSection(NestedProjects) = preSolution
		{09C621A1-0505-46F0-823D-C7A19B560F49} = {DCA47E65-2945-4C90-96A7-92A1A64DEF7D}
		{6952AF56-51A8-4AEA-8E4B-38A16EBCF22C} = {C4034306-C1A9-45B4-8F11-BAB742FE88FA}
		{3BDC644B-FBF5-4894-B920-D9EC86578C81} = {C4034306-C1A9-45B4-8F11-BAB742FE88FA}
	EndGlobalSection
	GlobalSection(ExtensibilityGlobals) = postSolution
		SolutionGuid = {22C33E62-C118-4B2E-846A-5F2BEEA59AAE}
	EndGlobalSection
EndGlobal
